
Microsoft Visual Studio Solution File, Format Version 12.00
# Visual Studio Version 17
VisualStudioVersion = 17.6.33723.286
MinimumVisualStudioVersion = 10.0.40219.1
Project("{9A19103F-16F7-4668-BE54-9A1E7A4F7556}") = "Muslim.AssemblyHelper", "Muslim.AssemblyHelper\Muslim.AssemblyHelper.csproj", "{E5B9117C-A329-467F-9CF3-142079C85753}"
EndProject
Project("{9A19103F-16F7-4668-BE54-9A1E7A4F7556}") = "performance", "performance\performance.csproj", "{83856DB1-F92B-45D9-BF8D-E0C8FCB0380B}"
EndProject
Project("{FAE04EC0-301F-11D3-BF4B-00C04F79EFBC}") = "ClassLibrary1", "ClassLibrary1\ClassLibrary1.csproj", "{A64ADD36-4582-45F5-BA51-9BA877E497D6}"
EndProject
Global
	GlobalSection(SolutionConfigurationPlatforms) = preSolution
		Debug|Any CPU = Debug|Any CPU
		Release|Any CPU = Release|Any CPU
	EndGlobalSection
	GlobalSection(ProjectConfigurationPlatforms) = postSolution
		{E5B9117C-A329-467F-9CF3-142079C85753}.Debug|Any CPU.ActiveCfg = Debug|Any CPU
		{E5B9117C-A329-467F-9CF3-142079C85753}.Debug|Any CPU.Build.0 = Debug|Any CPU
		{E5B9117C-A329-467F-9CF3-142079C85753}.Release|Any CPU.ActiveCfg = Release|Any CPU
		{E5B9117C-A329-467F-9CF3-142079C85753}.Release|Any CPU.Build.0 = Release|Any CPU
		{83856DB1-F92B-45D9-BF8D-E0C8FCB0380B}.Debug|Any CPU.ActiveCfg = Debug|Any CPU
		{83856DB1-F92B-45D9-BF8D-E0C8FCB0380B}.Debug|Any CPU.Build.0 = Debug|Any CPU
		{83856DB1-F92B-45D9-BF8D-E0C8FCB0380B}.Release|Any CPU.ActiveCfg = Release|Any CPU
		{83856DB1-F92B-45D9-BF8D-E0C8FCB0380B}.Release|Any CPU.Build.0 = Release|Any CPU
		{A64ADD36-4582-45F5-BA51-9BA877E497D6}.Debug|Any CPU.ActiveCfg = Debug|Any CPU
		{A64ADD36-4582-45F5-BA51-9BA877E497D6}.Debug|Any CPU.Build.0 = Debug|Any CPU
		{A64ADD36-4582-45F5-BA51-9BA877E497D6}.Release|Any CPU.ActiveCfg = Release|Any CPU
		{A64ADD36-4582-45F5-BA51-9BA877E497D6}.Release|Any CPU.Build.0 = Release|Any CPU
	EndGlobalSection
	GlobalSection(SolutionProperties) = preSolution
		HideSolutionNode = FALSE
	EndGlobalSection
	GlobalSection(ExtensibilityGlobals) = postSolution
		SolutionGuid = {849AD74D-8036-44D1-99DC-93520B0BD5F1}
	EndGlobalSection
EndGlobal
